
Microsoft Visual Studio Solution File, Format Version 10.00
# Visual Studio 2008
Project("{8BC9CEB8-8B4A-11D0-8D11-00A0C91BC942}") = "cutter-cui", "cutter-cui.vcproj", "{8E9F7BA1-8145-4E91-8237-66B96B83F69F}"
	ProjectSection(ProjectDependencies) = postProject
		{B10DE031-3018-4D65-B5A0-88C97AC5BA6B} = {B10DE031-3018-4D65-B5A0-88C97AC5BA6B}
		{2E796136-EC07-462D-AD89-F7A6EF00DE04} = {2E796136-EC07-462D-AD89-F7A6EF00DE04}
		{B608769F-B187-4BDF-BC9D-DB181AEBE308} = {B608769F-B187-4BDF-BC9D-DB181AEBE308}
		{94A0E7A0-8513-46AB-B5ED-71DB25017C53} = {94A0E7A0-8513-46AB-B5ED-71DB25017C53}
		{823B71BD-16F6-42B4-A638-07813AA6BAD6} = {823B71BD-16F6-42B4-A638-07813AA6BAD6}
	EndProjectSection
EndProject
Project("{8BC9CEB8-8B4A-11D0-8D11-00A0C91BC942}") = "cutter", "cutter.vcproj", "{B10DE031-3018-4D65-B5A0-88C97AC5BA6B}"
EndProject
Project("{8BC9CEB8-8B4A-11D0-8D11-00A0C91BC942}") = "console-ui", "console-ui.vcproj", "{B608769F-B187-4BDF-BC9D-DB181AEBE308}"
	ProjectSection(ProjectDependencies) = postProject
		{B10DE031-3018-4D65-B5A0-88C97AC5BA6B} = {B10DE031-3018-4D65-B5A0-88C97AC5BA6B}
	EndProjectSection
EndProject
Project("{8BC9CEB8-8B4A-11D0-8D11-00A0C91BC942}") = "console-ui-factory", "console-ui-factory.vcproj", "{823B71BD-16F6-42B4-A638-07813AA6BAD6}"
	ProjectSection(ProjectDependencies) = postProject
		{B10DE031-3018-4D65-B5A0-88C97AC5BA6B} = {B10DE031-3018-4D65-B5A0-88C97AC5BA6B}
	EndProjectSection
EndProject
Project("{8BC9CEB8-8B4A-11D0-8D11-00A0C91BC942}") = "gtk-ui", "gtk-ui.vcproj", "{94A0E7A0-8513-46AB-B5ED-71DB25017C53}"
	ProjectSection(ProjectDependencies) = postProject
		{B10DE031-3018-4D65-B5A0-88C97AC5BA6B} = {B10DE031-3018-4D65-B5A0-88C97AC5BA6B}
	EndProjectSection
EndProject
Project("{8BC9CEB8-8B4A-11D0-8D11-00A0C91BC942}") = "gtk-ui-factory", "gtk-ui-factory.vcproj", "{2E796136-EC07-462D-AD89-F7A6EF00DE04}"
	ProjectSection(ProjectDependencies) = postProject
		{B10DE031-3018-4D65-B5A0-88C97AC5BA6B} = {B10DE031-3018-4D65-B5A0-88C97AC5BA6B}
	EndProjectSection
EndProject
Global
	GlobalSection(SolutionConfigurationPlatforms) = preSolution
		Debug|Win32 = Debug|Win32
		Release|Win32 = Release|Win32
	EndGlobalSection
	GlobalSection(ProjectConfigurationPlatforms) = postSolution
		{8E9F7BA1-8145-4E91-8237-66B96B83F69F}.Debug|Win32.ActiveCfg = Debug|Win32
		{8E9F7BA1-8145-4E91-8237-66B96B83F69F}.Debug|Win32.Build.0 = Debug|Win32
		{8E9F7BA1-8145-4E91-8237-66B96B83F69F}.Release|Win32.ActiveCfg = Release|Win32
		{8E9F7BA1-8145-4E91-8237-66B96B83F69F}.Release|Win32.Build.0 = Release|Win32
		{B10DE031-3018-4D65-B5A0-88C97AC5BA6B}.Debug|Win32.ActiveCfg = Debug|Win32
		{B10DE031-3018-4D65-B5A0-88C97AC5BA6B}.Debug|Win32.Build.0 = Debug|Win32
		{B10DE031-3018-4D65-B5A0-88C97AC5BA6B}.Release|Win32.ActiveCfg = Release|Win32
		{B10DE031-3018-4D65-B5A0-88C97AC5BA6B}.Release|Win32.Build.0 = Release|Win32
		{B608769F-B187-4BDF-BC9D-DB181AEBE308}.Debug|Win32.ActiveCfg = Debug|Win32
		{B608769F-B187-4BDF-BC9D-DB181AEBE308}.Debug|Win32.Build.0 = Debug|Win32
		{B608769F-B187-4BDF-BC9D-DB181AEBE308}.Release|Win32.ActiveCfg = Release|Win32
		{B608769F-B187-4BDF-BC9D-DB181AEBE308}.Release|Win32.Build.0 = Release|Win32
		{823B71BD-16F6-42B4-A638-07813AA6BAD6}.Debug|Win32.ActiveCfg = Debug|Win32
		{823B71BD-16F6-42B4-A638-07813AA6BAD6}.Debug|Win32.Build.0 = Debug|Win32
		{823B71BD-16F6-42B4-A638-07813AA6BAD6}.Release|Win32.ActiveCfg = Release|Win32
		{823B71BD-16F6-42B4-A638-07813AA6BAD6}.Release|Win32.Build.0 = Release|Win32
		{94A0E7A0-8513-46AB-B5ED-71DB25017C53}.Debug|Win32.ActiveCfg = Debug|Win32
		{94A0E7A0-8513-46AB-B5ED-71DB25017C53}.Debug|Win32.Build.0 = Debug|Win32
		{94A0E7A0-8513-46AB-B5ED-71DB25017C53}.Release|Win32.ActiveCfg = Release|Win32
		{94A0E7A0-8513-46AB-B5ED-71DB25017C53}.Release|Win32.Build.0 = Release|Win32
		{2E796136-EC07-462D-AD89-F7A6EF00DE04}.Debug|Win32.ActiveCfg = Debug|Win32
		{2E796136-EC07-462D-AD89-F7A6EF00DE04}.Debug|Win32.Build.0 = Debug|Win32
		{2E796136-EC07-462D-AD89-F7A6EF00DE04}.Release|Win32.ActiveCfg = Release|Win32
		{2E796136-EC07-462D-AD89-F7A6EF00DE04}.Release|Win32.Build.0 = Release|Win32
	EndGlobalSection
	GlobalSection(SolutionProperties) = preSolution
		HideSolutionNode = FALSE
	EndGlobalSection
EndGlobal
